
Microsoft Visual Studio Solution File, Format Version 12.00
# Visual Studio 15
VisualStudioVersion = 15.0.28307.271
MinimumVisualStudioVersion = 10.0.40219.1
Project("{FAE04EC0-301F-11D3-BF4B-00C04F79EFBC}") = "ODATA_Examples", "ODATA_Examples\ODATA_Examples.csproj", "{FDBC6881-7439-4C6D-9E6A-218BFD028F71}"
EndProject
Global
	GlobalSection(SolutionConfigurationPlatforms) = preSolution
		Debug|Any CPU = Debug|Any CPU
		Release|Any CPU = Release|Any CPU
	EndGlobalSection
	GlobalSection(ProjectConfigurationPlatforms) = postSolution
		{FDBC6881-7439-4C6D-9E6A-218BFD028F71}.Debug|Any CPU.ActiveCfg = Debug|Any CPU
		{FDBC6881-7439-4C6D-9E6A-218BFD028F71}.Debug|Any CPU.Build.0 = Debug|Any CPU
		{FDBC6881-7439-4C6D-9E6A-218BFD028F71}.Release|Any CPU.ActiveCfg = Release|Any CPU
		{FDBC6881-7439-4C6D-9E6A-218BFD028F71}.Release|Any CPU.Build.0 = Release|Any CPU
	EndGlobalSection
	GlobalSection(SolutionProperties) = preSolution
		HideSolutionNode = FALSE
	EndGlobalSection
	GlobalSection(ExtensibilityGlobals) = postSolution
		SolutionGuid = {C6487342-CA98-4C47-BDEA-819CED0F1F3A}
	EndGlobalSection
EndGlobal
